
Microsoft Visual Studio Solution File, Format Version 12.00
# Visual Studio Version 17
VisualStudioVersion = 17.9.34728.123
MinimumVisualStudioVersion = 10.0.40219.1
Project("{FAE04EC0-301F-11D3-BF4B-00C04F79EFBC}") = "MinimalApiCatalogo", "MinimalApiCatalogo\MinimalApiCatalogo.csproj", "{D6C17CC8-F265-4D7E-8F55-3AC46AA6BF5D}"
EndProject
Global
	GlobalSection(SolutionConfigurationPlatforms) = preSolution
		Debug|Any CPU = Debug|Any CPU
		Release|Any CPU = Release|Any CPU
	EndGlobalSection
	GlobalSection(ProjectConfigurationPlatforms) = postSolution
		{D6C17CC8-F265-4D7E-8F55-3AC46AA6BF5D}.Debug|Any CPU.ActiveCfg = Debug|Any CPU
		{D6C17CC8-F265-4D7E-8F55-3AC46AA6BF5D}.Debug|Any CPU.Build.0 = Debug|Any CPU
		{D6C17CC8-F265-4D7E-8F55-3AC46AA6BF5D}.Release|Any CPU.ActiveCfg = Release|Any CPU
		{D6C17CC8-F265-4D7E-8F55-3AC46AA6BF5D}.Release|Any CPU.Build.0 = Release|Any CPU
	EndGlobalSection
	GlobalSection(SolutionProperties) = preSolution
		HideSolutionNode = FALSE
	EndGlobalSection
	GlobalSection(ExtensibilityGlobals) = postSolution
		SolutionGuid = {263F88E3-E6C7-4913-88C0-C7FFAAC81EFB}
	EndGlobalSection
EndGlobal
